
Microsoft Visual Studio Solution File, Format Version 12.00
# Visual Studio 15
VisualStudioVersion = 15.0.27703.2000
MinimumVisualStudioVersion = 10.0.40219.1
Project("{FAE04EC0-301F-11D3-BF4B-00C04F79EFBC}") = "SlackBackup", "SlackBackup\SlackBackup.csproj", "{AAE316ED-DEB3-4A16-B4EF-27960477BE19}"
EndProject
Global
	GlobalSection(SolutionConfigurationPlatforms) = preSolution
		Debug|Any CPU = Debug|Any CPU
		Release|Any CPU = Release|Any CPU
	EndGlobalSection
	GlobalSection(ProjectConfigurationPlatforms) = postSolution
		{AAE316ED-DEB3-4A16-B4EF-27960477BE19}.Debug|Any CPU.ActiveCfg = Debug|Any CPU
		{AAE316ED-DEB3-4A16-B4EF-27960477BE19}.Debug|Any CPU.Build.0 = Debug|Any CPU
		{AAE316ED-DEB3-4A16-B4EF-27960477BE19}.Release|Any CPU.ActiveCfg = Release|Any CPU
		{AAE316ED-DEB3-4A16-B4EF-27960477BE19}.Release|Any CPU.Build.0 = Release|Any CPU
	EndGlobalSection
	GlobalSection(SolutionProperties) = preSolution
		HideSolutionNode = FALSE
	EndGlobalSection
	GlobalSection(ExtensibilityGlobals) = postSolution
		SolutionGuid = {50132B79-804A-427E-B017-0292752EE156}
	EndGlobalSection
EndGlobal
